
Microsoft Visual Studio Solution File, Format Version 12.00
# Visual Studio 15
VisualStudioVersion = 15.0.28307.852
MinimumVisualStudioVersion = 10.0.40219.1
Project("{FAE04EC0-301F-11D3-BF4B-00C04F79EFBC}") = "UI", "ERP\UI.csproj", "{DC49D79A-D410-4873-B917-FEB010A0F99E}"
EndProject
Project("{FAE04EC0-301F-11D3-BF4B-00C04F79EFBC}") = "Business", "Business\Business.csproj", "{0D2D493C-FB4B-4890-9191-9DB287D68F4D}"
EndProject
Project("{FAE04EC0-301F-11D3-BF4B-00C04F79EFBC}") = "Database", "Database\Database.csproj", "{A33625B8-60DB-475B-83F3-100239687568}"
EndProject
Global
	GlobalSection(SolutionConfigurationPlatforms) = preSolution
		Debug|Any CPU = Debug|Any CPU
		Release|Any CPU = Release|Any CPU
	EndGlobalSection
	GlobalSection(ProjectConfigurationPlatforms) = postSolution
		{DC49D79A-D410-4873-B917-FEB010A0F99E}.Debug|Any CPU.ActiveCfg = Debug|Any CPU
		{DC49D79A-D410-4873-B917-FEB010A0F99E}.Debug|Any CPU.Build.0 = Debug|Any CPU
		{DC49D79A-D410-4873-B917-FEB010A0F99E}.Release|Any CPU.ActiveCfg = Release|Any CPU
		{DC49D79A-D410-4873-B917-FEB010A0F99E}.Release|Any CPU.Build.0 = Release|Any CPU
		{0D2D493C-FB4B-4890-9191-9DB287D68F4D}.Debug|Any CPU.ActiveCfg = Debug|Any CPU
		{0D2D493C-FB4B-4890-9191-9DB287D68F4D}.Debug|Any CPU.Build.0 = Debug|Any CPU
		{0D2D493C-FB4B-4890-9191-9DB287D68F4D}.Release|Any CPU.ActiveCfg = Release|Any CPU
		{0D2D493C-FB4B-4890-9191-9DB287D68F4D}.Release|Any CPU.Build.0 = Release|Any CPU
		{A33625B8-60DB-475B-83F3-100239687568}.Debug|Any CPU.ActiveCfg = Debug|Any CPU
		{A33625B8-60DB-475B-83F3-100239687568}.Debug|Any CPU.Build.0 = Debug|Any CPU
		{A33625B8-60DB-475B-83F3-100239687568}.Release|Any CPU.ActiveCfg = Release|Any CPU
		{A33625B8-60DB-475B-83F3-100239687568}.Release|Any CPU.Build.0 = Release|Any CPU
	EndGlobalSection
	GlobalSection(SolutionProperties) = preSolution
		HideSolutionNode = FALSE
	EndGlobalSection
	GlobalSection(ExtensibilityGlobals) = postSolution
		SolutionGuid = {DEC8FF6E-A3B3-4DA8-A0C9-05DB3D524D0C}
	EndGlobalSection
EndGlobal
